PODS:
  - AppAuth (1.6.2):
    - AppAuth/Core (= 1.6.2)
    - AppAuth/ExternalUserAgent (= 1.6.2)
  - AppAuth/Core (1.6.2)
  - AppAuth/ExternalUserAgent (1.6.2):
    - AppAuth/Core
  - Cosmos (23.0.0)
  - DropDown (2.3.13)
  - FacebookCore (0.9.0):
    - FBSDKCoreKit (~> 5.0)
  - FacebookLogin (0.9.0):
    - FacebookCore (~> 0.9.0)
    - FBSDKCoreKit (~> 5.0)
    - FBSDKLoginKit (~> 5.0)
  - FBSDKCoreKit (5.15.1):
    - FBSDKCoreKit/Basics (= 5.15.1)
    - FBSDKCoreKit/Core (= 5.15.1)
  - FBSDKCoreKit/Basics (5.15.1)
  - FBSDKCoreKit/Core (5.15.1):
    - FBSDKCoreKit/Basics
  - FBSDKLoginKit (5.15.1):
    - FBSDKLoginKit/Login (= 5.15.1)
  - FBSDKLoginKit/Login (5.15.1):
    - FBSDKCoreKit (~> 5.0)
  - FSCalendar (2.8.4)
  - GoogleMaps (3.7.0):
    - GoogleMaps/Maps (= 3.7.0)
  - GoogleMaps/Base (3.7.0)
  - GoogleMaps/Maps (3.7.0):
    - GoogleMaps/Base
  - GooglePlaces (8.3.0)
  - GoogleSignIn (7.0.0):
    - AppAuth (~> 1.5)
    - GTMAppAuth (< 3.0, >= 1.3)
    - GTMSessionFetcher/Core (< 4.0, >= 1.1)
  - GTMAppAuth (2.0.0):
    - AppAuth/Core (~> 1.6)
    - GTMSessionFetcher/Core (< 4.0, >= 1.5)
  - GTMSessionFetcher/Core (3.1.1)
  - Instructions (2.2.0)
  - IQKeyboardManagerSwift (6.5.12)
  - MBProgressHUD (1.2.0)
  - NVActivityIndicatorView (5.1.1):
    - NVActivityIndicatorView/Base (= 5.1.1)
  - NVActivityIndicatorView/Base (5.1.1)
  - PhoneNumberKit (3.6.7):
    - PhoneNumberKit/PhoneNumberKitCore (= 3.6.7)
    - PhoneNumberKit/UIKit (= 3.6.7)
  - PhoneNumberKit/PhoneNumberKitCore (3.6.7)
  - PhoneNumberKit/UIKit (3.6.7):
    - PhoneNumberKit/PhoneNumberKitCore
  - QCropper (0.1.7)
  - SDWebImage (5.18.8):
    - SDWebImage/Core (= 5.18.8)
  - SDWebImage/Core (5.18.8)
  - ShimmerSwift (2.1.1)
  - SKCountryPicker (2.0.2)
  - SkeletonView (1.30.4)
  - Socket.IO-Client-Swift (16.0.1):
    - Starscream (~> 4.0)
  - Starscream (4.0.6)
  - StripeApplePay (23.14.0):
    - StripeCore (= 23.14.0)
  - StripeCore (23.14.0)
  - StripePayments (23.14.0):
    - StripeCore (= 23.14.0)
    - StripePayments/Stripe3DS2 (= 23.14.0)
  - StripePayments/Stripe3DS2 (23.14.0):
    - StripeCore (= 23.14.0)
  - StripePaymentSheet (23.14.0):
    - StripeApplePay (= 23.14.0)
    - StripeCore (= 23.14.0)
    - StripePayments (= 23.14.0)
    - StripePaymentsUI (= 23.14.0)
  - StripePaymentsUI (23.14.0):
    - StripeCore (= 23.14.0)
    - StripePayments (= 23.14.0)
    - StripeUICore (= 23.14.0)
  - StripeUICore (23.14.0):
    - StripeCore (= 23.14.0)
  - SVPinView (1.0.11)
  - SwiftGifOrigin (1.7.0)
  - SwiftMessages (9.0.6):
    - SwiftMessages/App (= 9.0.6)
  - SwiftMessages/App (9.0.6)
  - SwiftyJSON (5.0.1)
  - WaterfallLayout (0.2)

DEPENDENCIES:
  - Cosmos (~> 23.0)
  - DropDown
  - FacebookLogin
  - FSCalendar
  - GoogleMaps (~> 3.7.0)
  - GooglePlaces
  - GoogleSignIn
  - Instructions (~> 2.2.0)
  - IQKeyboardManagerSwift
  - MBProgressHUD
  - NVActivityIndicatorView
  - PhoneNumberKit
  - QCropper
  - SDWebImage
  - ShimmerSwift
  - SKCountryPicker
  - SkeletonView
  - Socket.IO-Client-Swift
  - StripePaymentSheet
  - SVPinView (~> 1.0)
  - SwiftGifOrigin
  - SwiftMessages
  - SwiftyJSON
  - WaterfallLayout

SPEC REPOS:
  trunk:
    - AppAuth
    - Cosmos
    - DropDown
    - FacebookCore
    - FacebookLogin
    - FBSDKCoreKit
    - FBSDKLoginKit
    - FSCalendar
    - GoogleMaps
    - GooglePlaces
    - GoogleSignIn
    - GTMAppAuth
    - GTMSessionFetcher
    - Instructions
    - IQKeyboardManagerSwift
    - MBProgressHUD
    - NVActivityIndicatorView
    - PhoneNumberKit
    - QCropper
    - SDWebImage
    - ShimmerSwift
    - SKCountryPicker
    - SkeletonView
    - Socket.IO-Client-Swift
    - Starscream
    - StripeApplePay
    - StripeCore
    - StripePayments
    - StripePaymentSheet
    - StripePaymentsUI
    - StripeUICore
    - SVPinView
    - SwiftGifOrigin
    - SwiftMessages
    - SwiftyJSON
    - WaterfallLayout

SPEC CHECKSUMS:
  AppAuth: 3bb1d1cd9340bd09f5ed189fb00b1cc28e1e8570
  Cosmos: b5c6a9a637e28a061b54c8f8b1d8529d7d4db73f
  DropDown: 8a2116376c1981888557f72ec2ffc9a5e0e456ec
  FacebookCore: ba86524b66cfa86d0f8e65d08faa8504a9f732dd
  FacebookLogin: 6cee9fd6e1fe976fe8f7eec199e27b28b14f5d63
  FBSDKCoreKit: 1d5acf7c9d7a2f92bb1a242dc60cae5b7adb91df
  FBSDKLoginKit: f1ea8026a58b52d30c9f2e6a58ca7d813619fb83
  FSCalendar: 2d1d0d9398f12d439f55c1fe0f01525b151b8260
  GoogleMaps: 55da829c68aa931f3ae982b9e341cc2f3d89c587
  GooglePlaces: b922e192c50994436900ef14d19f84971950250b
  GoogleSignIn: b232380cf495a429b8095d3178a8d5855b42e842
  GTMAppAuth: 99fb010047ba3973b7026e45393f51f27ab965ae
  GTMSessionFetcher: e8647203b65cee28c5f73d0f473d096653945e72
  Instructions: 07052901a398b42eb1d83de9755b8a0bac3e2f7d
  IQKeyboardManagerSwift: 371b08cb39664fb56030f5345c815a4ffc74bbc0
  MBProgressHUD: 3ee5efcc380f6a79a7cc9b363dd669c5e1ae7406
  NVActivityIndicatorView: 1f6c5687f1171810aa27a3296814dc2d7dec3667
  PhoneNumberKit: 43b5169526cc417398c8f13f77c97552c1c6ed76
  QCropper: aef6bad1e683e62b501fb8258359ccd10c68b4f2
  SDWebImage: a81bbb3ba4ea5f810f4069c68727cb118467a04a
  ShimmerSwift: f7ed2daf9c246de8299dfd9e12c6ab465cba9842
  SKCountryPicker: f4882c36fa432d6450099a3e07da60eceda0a8f0
  SkeletonView: 5a050f6411e697abd4cda0a8d767013399dccd69
  Socket.IO-Client-Swift: c116d6dc9fd6be9c259bacfe143f8725bce7d79e
  Starscream: fb2c4510bebf908c62bd383bcf05e673720e91fd
  StripeApplePay: 4d19e9f2fab4d6ed0a3f7939d13da4c64910af95
  StripeCore: 531807424f6dd954aed8cd2475b7cc76533a55b7
  StripePayments: 73158203a3e98a41793e018ebdd868485ef3a1c4
  StripePaymentSheet: 95340212d987049d2ea5bd92942eb5b65ca77609
  StripePaymentsUI: aa483d9ef591205fd7c17506820bf54fed7a3253
  StripeUICore: 780801d69fe56a6194ff6f8783506a38968ac297
  SVPinView: 9b538d0ba68cdb092afe4f0f67ec84cbed079466
  SwiftGifOrigin: fbd6cf37afcfcf97a5c3db996ddc0492e5c5c145
  SwiftMessages: f0c7ef4705a570ad6c5e208b611f4333e660ed92
  SwiftyJSON: 2f33a42c6fbc52764d96f13368585094bfd8aa5e
  WaterfallLayout: 030e04b041e5c6c47ae2c1eaa685c60289fab0b1

PODFILE CHECKSUM: 025672c6c127a2c3f213ed245313120dce5f44b9

COCOAPODS: 1.12.0
